
Microsoft Visual Studio Solution File, Format Version 12.00
# Visual Studio Version 16
VisualStudioVersion = 16.0.31613.86
MinimumVisualStudioVersion = 10.0.40219.1
Project("{FAE04EC0-301F-11D3-BF4B-00C04F79EFBC}") = "todomile.Common", "todomile.Common\todomile.Common.csproj", "{47829F39-FB3D-46FF-BC39-55B285CDCB2B}"
EndProject
Project("{FAE04EC0-301F-11D3-BF4B-00C04F79EFBC}") = "todomile.Functions", "todomile.Function\todomile.Functions.csproj", "{14A29C35-D8E1-41AE-95AE-6F42279C7767}"
EndProject
Project("{FAE04EC0-301F-11D3-BF4B-00C04F79EFBC}") = "todomile.Tests", "todomile.Tests\todomile.Tests.csproj", "{FF8ED2AF-487B-4033-9523-8ECB131C3FEE}"
EndProject
Global
	GlobalSection(SolutionConfigurationPlatforms) = preSolution
		Debug|Any CPU = Debug|Any CPU
		Release|Any CPU = Release|Any CPU
	EndGlobalSection
	GlobalSection(ProjectConfigurationPlatforms) = postSolution
		{47829F39-FB3D-46FF-BC39-55B285CDCB2B}.Debug|Any CPU.ActiveCfg = Debug|Any CPU
		{47829F39-FB3D-46FF-BC39-55B285CDCB2B}.Debug|Any CPU.Build.0 = Debug|Any CPU
		{47829F39-FB3D-46FF-BC39-55B285CDCB2B}.Release|Any CPU.ActiveCfg = Release|Any CPU
		{47829F39-FB3D-46FF-BC39-55B285CDCB2B}.Release|Any CPU.Build.0 = Release|Any CPU
		{14A29C35-D8E1-41AE-95AE-6F42279C7767}.Debug|Any CPU.ActiveCfg = Debug|Any CPU
		{14A29C35-D8E1-41AE-95AE-6F42279C7767}.Debug|Any CPU.Build.0 = Debug|Any CPU
		{14A29C35-D8E1-41AE-95AE-6F42279C7767}.Release|Any CPU.ActiveCfg = Release|Any CPU
		{14A29C35-D8E1-41AE-95AE-6F42279C7767}.Release|Any CPU.Build.0 = Release|Any CPU
		{FF8ED2AF-487B-4033-9523-8ECB131C3FEE}.Debug|Any CPU.ActiveCfg = Debug|Any CPU
		{FF8ED2AF-487B-4033-9523-8ECB131C3FEE}.Debug|Any CPU.Build.0 = Debug|Any CPU
		{FF8ED2AF-487B-4033-9523-8ECB131C3FEE}.Release|Any CPU.ActiveCfg = Release|Any CPU
		{FF8ED2AF-487B-4033-9523-8ECB131C3FEE}.Release|Any CPU.Build.0 = Release|Any CPU
	EndGlobalSection
	GlobalSection(SolutionProperties) = preSolution
		HideSolutionNode = FALSE
	EndGlobalSection
	GlobalSection(ExtensibilityGlobals) = postSolution
		SolutionGuid = {69F3F2A2-2B2C-47B4-9207-B7C318C759FB}
	EndGlobalSection
EndGlobal
